Microsoft Visual Studio Solution File, Format Version 12.00
# Visual Studio Version 17
VisualStudioVersion = 17.5.2.0
MinimumVisualStudioVersion = 10.0.40219.1
Project("{FAE04EC0-301F-11D3-BF4B-00C04F79EFBC}") = "DancingGoatCore", "DancingGoatCore.csproj", "{4C2E7F46-0069-252E-C3C1-EA610F274FCB}"
EndProject
Global
	GlobalSection(SolutionConfigurationPlatforms) = preSolution
		Debug|Any CPU = Debug|Any CPU
		Release|Any CPU = Release|Any CPU
	EndGlobalSection
	GlobalSection(ProjectConfigurationPlatforms) = postSolution
		{4C2E7F46-0069-252E-C3C1-EA610F274FCB}.Debug|Any CPU.ActiveCfg = Debug|Any CPU
		{4C2E7F46-0069-252E-C3C1-EA610F274FCB}.Debug|Any CPU.Build.0 = Debug|Any CPU
		{4C2E7F46-0069-252E-C3C1-EA610F274FCB}.Release|Any CPU.ActiveCfg = Release|Any CPU
		{4C2E7F46-0069-252E-C3C1-EA610F274FCB}.Release|Any CPU.Build.0 = Release|Any CPU
	EndGlobalSection
	GlobalSection(SolutionProperties) = preSolution
		HideSolutionNode = FALSE
	EndGlobalSection
	GlobalSection(ExtensibilityGlobals) = postSolution
		SolutionGuid = {7241EC0C-FDE1-4DBB-885B-AF1C73F872FC}
	EndGlobalSection
EndGlobal
